
Microsoft Visual Studio Solution File, Format Version 12.00
# Visual Studio 14
VisualStudioVersion = 14.0.24720.0
MinimumVisualStudioVersion = 10.0.40219.1
Project("{FAE04EC0-301F-11D3-BF4B-00C04F79EFBC}") = "odd num code eval", "odd num code eval\odd num code eval.csproj", "{E1F56E04-4E45-4E38-B08E-3C2F58C4FD4D}"
EndProject
Global
	GlobalSection(SolutionConfigurationPlatforms) = preSolution
		Debug|Any CPU = Debug|Any CPU
		Release|Any CPU = Release|Any CPU
	EndGlobalSection
	GlobalSection(ProjectConfigurationPlatforms) = postSolution
		{E1F56E04-4E45-4E38-B08E-3C2F58C4FD4D}.Debug|Any CPU.ActiveCfg = Debug|Any CPU
		{E1F56E04-4E45-4E38-B08E-3C2F58C4FD4D}.Debug|Any CPU.Build.0 = Debug|Any CPU
		{E1F56E04-4E45-4E38-B08E-3C2F58C4FD4D}.Release|Any CPU.ActiveCfg = Release|Any CPU
		{E1F56E04-4E45-4E38-B08E-3C2F58C4FD4D}.Release|Any CPU.Build.0 = Release|Any CPU
	EndGlobalSection
	GlobalSection(SolutionProperties) = preSolution
		HideSolutionNode = FALSE
	EndGlobalSection
EndGlobal
